
Microsoft Visual Studio Solution File, Format Version 12.00
# Visual Studio Version 16
VisualStudioVersion = 16.0.29009.5
MinimumVisualStudioVersion = 10.0.40219.1
Project("{FAE04EC0-301F-11D3-BF4B-00C04F79EFBC}") = "BMP2PNG", "BMP2PNG\BMP2PNG.csproj", "{6DAAC2C4-2E5A-46F4-9977-9E901DB212DF}"
EndProject
Global
	GlobalSection(SolutionConfigurationPlatforms) = preSolution
		Debug|Any CPU = Debug|Any CPU
		Release|Any CPU = Release|Any CPU
	EndGlobalSection
	GlobalSection(ProjectConfigurationPlatforms) = postSolution
		{6DAAC2C4-2E5A-46F4-9977-9E901DB212DF}.Debug|Any CPU.ActiveCfg = Debug|Any CPU
		{6DAAC2C4-2E5A-46F4-9977-9E901DB212DF}.Debug|Any CPU.Build.0 = Debug|Any CPU
		{6DAAC2C4-2E5A-46F4-9977-9E901DB212DF}.Release|Any CPU.ActiveCfg = Release|Any CPU
		{6DAAC2C4-2E5A-46F4-9977-9E901DB212DF}.Release|Any CPU.Build.0 = Release|Any CPU
	EndGlobalSection
	GlobalSection(SolutionProperties) = preSolution
		HideSolutionNode = FALSE
	EndGlobalSection
	GlobalSection(ExtensibilityGlobals) = postSolution
		SolutionGuid = {388F0DE3-62F2-4CEF-B4E0-2FF97B44787E}
	EndGlobalSection
EndGlobal
